
Microsoft Visual Studio Solution File, Format Version 12.00
# Visual Studio Version 17
VisualStudioVersion = 17.1.32210.238
MinimumVisualStudioVersion = 10.0.40219.1
Project("{FAE04EC0-301F-11D3-BF4B-00C04F79EFBC}") = "ApiShoppe", "ApiShoppe.csproj", "{3B5F9102-666D-4483-8377-384EC4EDA12B}"
EndProject
Project("{FAE04EC0-301F-11D3-BF4B-00C04F79EFBC}") = "DAL", "..\DAL\DAL.csproj", "{2761F521-86D6-441E-AAFB-028759B045C1}"
EndProject
Project("{FAE04EC0-301F-11D3-BF4B-00C04F79EFBC}") = "BUS", "..\BUS\BUS.csproj", "{AAEF8623-CD90-4E2F-AC2D-DAC73AFE7ED5}"
EndProject
Project("{FAE04EC0-301F-11D3-BF4B-00C04F79EFBC}") = "DTO", "..\DTO\DTO.csproj", "{6904A0B0-58DA-4B6F-8793-432EE31E654D}"
EndProject
Global
	GlobalSection(SolutionConfigurationPlatforms) = preSolution
		Debug|Any CPU = Debug|Any CPU
		Release|Any CPU = Release|Any CPU
	EndGlobalSection
	GlobalSection(ProjectConfigurationPlatforms) = postSolution
		{3B5F9102-666D-4483-8377-384EC4EDA12B}.Debug|Any CPU.ActiveCfg = Debug|Any CPU
		{3B5F9102-666D-4483-8377-384EC4EDA12B}.Debug|Any CPU.Build.0 = Debug|Any CPU
		{3B5F9102-666D-4483-8377-384EC4EDA12B}.Release|Any CPU.ActiveCfg = Release|Any CPU
		{3B5F9102-666D-4483-8377-384EC4EDA12B}.Release|Any CPU.Build.0 = Release|Any CPU
		{2761F521-86D6-441E-AAFB-028759B045C1}.Debug|Any CPU.ActiveCfg = Debug|Any CPU
		{2761F521-86D6-441E-AAFB-028759B045C1}.Debug|Any CPU.Build.0 = Debug|Any CPU
		{2761F521-86D6-441E-AAFB-028759B045C1}.Release|Any CPU.ActiveCfg = Release|Any CPU
		{2761F521-86D6-441E-AAFB-028759B045C1}.Release|Any CPU.Build.0 = Release|Any CPU
		{AAEF8623-CD90-4E2F-AC2D-DAC73AFE7ED5}.Debug|Any CPU.ActiveCfg = Debug|Any CPU
		{AAEF8623-CD90-4E2F-AC2D-DAC73AFE7ED5}.Debug|Any CPU.Build.0 = Debug|Any CPU
		{AAEF8623-CD90-4E2F-AC2D-DAC73AFE7ED5}.Release|Any CPU.ActiveCfg = Release|Any CPU
		{AAEF8623-CD90-4E2F-AC2D-DAC73AFE7ED5}.Release|Any CPU.Build.0 = Release|Any CPU
		{6904A0B0-58DA-4B6F-8793-432EE31E654D}.Debug|Any CPU.ActiveCfg = Debug|Any CPU
		{6904A0B0-58DA-4B6F-8793-432EE31E654D}.Debug|Any CPU.Build.0 = Debug|Any CPU
		{6904A0B0-58DA-4B6F-8793-432EE31E654D}.Release|Any CPU.ActiveCfg = Release|Any CPU
		{6904A0B0-58DA-4B6F-8793-432EE31E654D}.Release|Any CPU.Build.0 = Release|Any CPU
	EndGlobalSection
	GlobalSection(SolutionProperties) = preSolution
		HideSolutionNode = FALSE
	EndGlobalSection
	GlobalSection(ExtensibilityGlobals) = postSolution
		SolutionGuid = {109AFF52-5FD8-4A59-99DA-C96EE848C080}
	EndGlobalSection
EndGlobal
